// !$*UTF8*$!
{
	archiveVersion = 1;
	classes = {
	};
	objectVersion = 46;
	objects = {

/* Begin PBXBuildFile section */
		3C7727E622AB1E46006CA979 /* AppDelegate.swift in Sources */ = {isa = PBXBuildFile; fileRef = 3C7727E522AB1E46006CA979 /* AppDelegate.swift */; };
		3C7727E822AB1E46006CA979 /* ViewController.swift in Sources */ = {isa = PBXBuildFile; fileRef = 3C7727E722AB1E46006CA979 /* ViewController.swift */; };
		3C7727F022AB1E46006CA979 /* Assets.xcassets in Resources */ = {isa = PBXBuildFile; fileRef = 3C7727EF22AB1E46006CA979 /* Assets.xcassets */; };
		3C7727F322AB1E46006CA979 /* LaunchScreen.storyboard in Resources */ = {isa = PBXBuildFile; fileRef = 3C7727F122AB1E46006CA979 /* LaunchScreen.storyboard */; };
		5683B3E822AD467900F4902B /* RegisterViewController.swift in Sources */ = {isa = PBXBuildFile; fileRef = 5683B3E722AD467900F4902B /* RegisterViewController.swift */; };
		5683B3EC22AD60BB00F4902B /* LoginViewController.swift in Sources */ = {isa = PBXBuildFile; fileRef = 5683B3EB22AD60BA00F4902B /* LoginViewController.swift */; };
		5683B3F022AD61B300F4902B /* Main.storyboard in Resources */ = {isa = PBXBuildFile; fileRef = 5683B3EF22AD61B300F4902B /* Main.storyboard */; };
		5683B3FD22AD669500F4902B /* Database.swift in Sources */ = {isa = PBXBuildFile; fileRef = 5683B3FC22AD669500F4902B /* Database.swift */; };
		5683B40022AD669900F4902B /* UnKnownHand.xcdatamodeld in Sources */ = {isa = PBXBuildFile; fileRef = 5683B3FE22AD669900F4902B /* UnKnownHand.xcdatamodeld */; };
		5683B40422AD66AF00F4902B /* History+CoreDataClass.swift in Sources */ = {isa = PBXBuildFile; fileRef = 5683B40122AD66AF00F4902B /* History+CoreDataClass.swift */; };
		5683B40522AD66AF00F4902B /* History+CoreDataProperties.swift in Sources */ = {isa = PBXBuildFile; fileRef = 5683B40222AD66AF00F4902B /* History+CoreDataProperties.swift */; };
		5683B40622AD66AF00F4902B /* User+CoreDataProperties.swift in Sources */ = {isa = PBXBuildFile; fileRef = 5683B40322AD66AF00F4902B /* User+CoreDataProperties.swift */; };
		5683B40822AD66B400F4902B /* User+CoreDataClass.swift in Sources */ = {isa = PBXBuildFile; fileRef = 5683B40722AD66B400F4902B /* User+CoreDataClass.swift */; };
		5683B40A22AD6ECD00F4902B /* PlayingPage.swift in Sources */ = {isa = PBXBuildFile; fileRef = 5683B40922AD6ECC00F4902B /* PlayingPage.swift */; };
		5683B42222AD747900F4902B /* images.jpg in Resources */ = {isa = PBXBuildFile; fileRef = 5683B41F22AD747900F4902B /* images.jpg */; };
		5683B42322AD747900F4902B /* ima.jpg in Resources */ = {isa = PBXBuildFile; fileRef = 5683B42022AD747900F4902B /* ima.jpg */; };
		5683B42422AD747900F4902B /* sss.jpg in Resources */ = {isa = PBXBuildFile; fileRef = 5683B42122AD747900F4902B /* sss.jpg */; };
/* End PBXBuildFile section */

/* Begin PBXFileReference section */
		3C7727E222AB1E46006CA979 /* UnKnownHand.app */ = {isa = PBXFileReference; explicitFileType = wrapper.application; includeInIndex = 0; path = UnKnownHand.app; sourceTree = BUILT_PRODUCTS_DIR; };
		3C7727E522AB1E46006CA979 /* AppDelegate.swift */ = {isa = PBXFileReference; lastKnownFileType = sourcecode.swift; path = AppDelegate.swift; sourceTree = "<group>"; };
		3C7727E722AB1E46006CA979 /* ViewController.swift */ = {isa = PBXFileReference; lastKnownFileType = sourcecode.swift; path = ViewController.swift; sourceTree = "<group>"; };
		3C7727EF22AB1E46006CA979 /* Assets.xcassets */ = {isa = PBXFileReference; lastKnownFileType = folder.assetcatalog; path = Assets.xcassets; sourceTree = "<group>"; };
		3C7727F222AB1E46006CA979 /* Base */ = {isa = PBXFileReference; lastKnownFileType = file.storyboard; name = Base; path = Base.lproj/LaunchScreen.storyboard; sourceTree = "<group>"; };
		3C7727F422AB1E46006CA979 /* Info.plist */ = {isa = PBXFileReference; lastKnownFileType = text.plist.xml; path = Info.plist; sourceTree = "<group>"; };
		5683B3E722AD467900F4902B /* RegisterViewController.swift */ = {isa = PBXFileReference; lastKnownFileType = sourcecode.swift; path = RegisterViewController.swift; sourceTree = "<group>"; };
		5683B3EB22AD60BA00F4902B /* LoginViewController.swift */ = {isa = PBXFileReference; fileEncoding = 4; lastKnownFileType = sourcecode.swift; path = LoginViewController.swift; sourceTree = "<group>"; };
		5683B3EF22AD61B300F4902B /* Main.storyboard */ = {isa = PBXFileReference; fileEncoding = 4; lastKnownFileType = file.storyboard; path = Main.storyboard; sourceTree = "<group>"; };
		5683B3FC22AD669500F4902B /* Database.swift */ = {isa = PBXFileReference; fileEncoding = 4; lastKnownFileType = sourcecode.swift; name = Database.swift; path = ../../PU_1072_iOS_Class_Merge/UnKnownHand/Database.swift; sourceTree = "<group>"; };
		5683B3FF22AD669900F4902B /* UnKnownHand.xcdatamodel */ = {isa = PBXFileReference; lastKnownFileType = wrapper.xcdatamodel; path = UnKnownHand.xcdatamodel; sourceTree = "<group>"; };
		5683B40122AD66AF00F4902B /* History+CoreDataClass.swift */ = {isa = PBXFileReference; fileEncoding = 4; lastKnownFileType = sourcecode.swift; name = "History+CoreDataClass.swift"; path = "../PU_1072_iOS_Class_Merge/History+CoreDataClass.swift"; sourceTree = "<group>"; };
		5683B40222AD66AF00F4902B /* History+CoreDataProperties.swift */ = {isa = PBXFileReference; fileEncoding = 4; lastKnownFileType = sourcecode.swift; name = "History+CoreDataProperties.swift"; path = "../PU_1072_iOS_Class_Merge/History+CoreDataProperties.swift"; sourceTree = "<group>"; };
		5683B40322AD66AF00F4902B /* User+CoreDataProperties.swift */ = {isa = PBXFileReference; fileEncoding = 4; lastKnownFileType = sourcecode.swift; name = "User+CoreDataProperties.swift"; path = "../PU_1072_iOS_Class_Merge/User+CoreDataProperties.swift"; sourceTree = "<group>"; };
		5683B40722AD66B400F4902B /* User+CoreDataClass.swift */ = {isa = PBXFileReference; fileEncoding = 4; lastKnownFileType = sourcecode.swift; name = "User+CoreDataClass.swift"; path = "../PU_1072_iOS_Class_Merge/User+CoreDataClass.swift"; sourceTree = "<group>"; };
		5683B40922AD6ECC00F4902B /* PlayingPage.swift */ = {isa = PBXFileReference; fileEncoding = 4; lastKnownFileType = sourcecode.swift; path = PlayingPage.swift; sourceTree = "<group>"; };
		5683B41F22AD747900F4902B /* images.jpg */ = {isa = PBXFileReference; lastKnownFileType = image.jpeg; path = images.jpg; sourceTree = "<group>"; };
		5683B42022AD747900F4902B /* ima.jpg */ = {isa = PBXFileReference; lastKnownFileType = image.jpeg; path = ima.jpg; sourceTree = "<group>"; };
		5683B42122AD747900F4902B /* sss.jpg */ = {isa = PBXFileReference; lastKnownFileType = image.jpeg; path = sss.jpg; sourceTree = "<group>"; };
/* End PBXFileReference section */

/* Begin PBXFrameworksBuildPhase section */
		3C7727DF22AB1E46006CA979 /* Frameworks */ = {
			isa = PBXFrameworksBuildPhase;
			buildActionMask = 2147483647;
			files = (
			);
			runOnlyForDeploymentPostprocessing = 0;
		};
/* End PBXFrameworksBuildPhase section */

/* Begin PBXGroup section */
		3C7727D922AB1E46006CA979 = {
			isa = PBXGroup;
			children = (
				5683B40122AD66AF00F4902B /* History+CoreDataClass.swift */,
				5683B40222AD66AF00F4902B /* History+CoreDataProperties.swift */,
				5683B40322AD66AF00F4902B /* User+CoreDataProperties.swift */,
				5683B40722AD66B400F4902B /* User+CoreDataClass.swift */,
				3C7727E422AB1E46006CA979 /* UnKnownHand */,
				3C7727E322AB1E46006CA979 /* Products */,
			);
			sourceTree = "<group>";
		};
		3C7727E322AB1E46006CA979 /* Products */ = {
			isa = PBXGroup;
			children = (
				3C7727E222AB1E46006CA979 /* UnKnownHand.app */,
			);
			name = Products;
			sourceTree = "<group>";
		};
		3C7727E422AB1E46006CA979 /* UnKnownHand */ = {
			isa = PBXGroup;
			children = (
				3C7727E522AB1E46006CA979 /* AppDelegate.swift */,
				3C7727E722AB1E46006CA979 /* ViewController.swift */,
				5683B3FC22AD669500F4902B /* Database.swift */,
				5683B40922AD6ECC00F4902B /* PlayingPage.swift */,
				5683B3EB22AD60BA00F4902B /* LoginViewController.swift */,
				5683B3EF22AD61B300F4902B /* Main.storyboard */,
				3C7727EF22AB1E46006CA979 /* Assets.xcassets */,
				3C7727F122AB1E46006CA979 /* LaunchScreen.storyboard */,
				3C7727F422AB1E46006CA979 /* Info.plist */,
				5683B3FE22AD669900F4902B /* UnKnownHand.xcdatamodeld */,
				5683B3E722AD467900F4902B /* RegisterViewController.swift */,
				5683B42022AD747900F4902B /* ima.jpg */,
				5683B41F22AD747900F4902B /* images.jpg */,
				5683B42122AD747900F4902B /* sss.jpg */,
			);
			path = UnKnownHand;
			sourceTree = "<group>";
		};
/* End PBXGroup section */

/* Begin PBXNativeTarget section */
		3C7727E122AB1E46006CA979 /* UnKnownHand */ = {
			isa = PBXNativeTarget;
			buildConfigurationList = 3C7727F722AB1E46006CA979 /* Build configuration list for PBXNativeTarget "UnKnownHand" */;
			buildPhases = (
				3C7727DE22AB1E46006CA979 /* Sources */,
				3C7727DF22AB1E46006CA979 /* Frameworks */,
				3C7727E022AB1E46006CA979 /* Resources */,
			);
			buildRules = (
			);
			dependencies = (
			);
			name = UnKnownHand;
			productName = UnKnownHand;
			productReference = 3C7727E222AB1E46006CA979 /* UnKnownHand.app */;
			productType = "com.apple.product-type.application";
		};
/* End PBXNativeTarget section */

/* Begin PBXProject section */
		3C7727DA22AB1E46006CA979 /* Project object */ = {
			isa = PBXProject;
			attributes = {
				LastSwiftUpdateCheck = 0800;
				LastUpgradeCheck = 0800;
				ORGANIZATIONNAME = ohfreeya;
				TargetAttributes = {
					3C7727E122AB1E46006CA979 = {
						CreatedOnToolsVersion = 8.0;
						ProvisioningStyle = Automatic;
					};
				};
			};
			buildConfigurationList = 3C7727DD22AB1E46006CA979 /* Build configuration list for PBXProject "UnKnownHand" */;
			compatibilityVersion = "Xcode 3.2";
			developmentRegion = English;
			hasScannedForEncodings = 0;
			knownRegions = (
				en,
				Base,
			);
			mainGroup = 3C7727D922AB1E46006CA979;
			productRefGroup = 3C7727E322AB1E46006CA979 /* Products */;
			projectDirPath = "";
			projectRoot = "";
			targets = (
				3C7727E122AB1E46006CA979 /* UnKnownHand */,
			);
		};
/* End PBXProject section */

/* Begin PBXResourcesBuildPhase section */
		3C7727E022AB1E46006CA979 /* Resources */ = {
			isa = PBXResourcesBuildPhase;
			buildActionMask = 2147483647;
			files = (
				3C7727F322AB1E46006CA979 /* LaunchScreen.storyboard in Resources */,
				5683B42322AD747900F4902B /* ima.jpg in Resources */,
				3C7727F022AB1E46006CA979 /* Assets.xcassets in Resources */,
				5683B42422AD747900F4902B /* sss.jpg in Resources */,
				5683B3F022AD61B300F4902B /* Main.storyboard in Resources */,
				5683B42222AD747900F4902B /* images.jpg in Resources */,
			);
			runOnlyForDeploymentPostprocessing = 0;
		};
/* End PBXResourcesBuildPhase section */

/* Begin PBXSourcesBuildPhase section */
		3C7727DE22AB1E46006CA979 /* Sources */ = {
			isa = PBXSourcesBuildPhase;
			buildActionMask = 2147483647;
			files = (
				3C7727E822AB1E46006CA979 /* ViewController.swift in Sources */,
				5683B3E822AD467900F4902B /* RegisterViewController.swift in Sources */,
				3C7727E622AB1E46006CA979 /* AppDelegate.swift in Sources */,
				5683B40022AD669900F4902B /* UnKnownHand.xcdatamodeld in Sources */,
				5683B40422AD66AF00F4902B /* History+CoreDataClass.swift in Sources */,
				5683B40A22AD6ECD00F4902B /* PlayingPage.swift in Sources */,
				5683B40522AD66AF00F4902B /* History+CoreDataProperties.swift in Sources */,
				5683B3EC22AD60BB00F4902B /* LoginViewController.swift in Sources */,
				5683B40822AD66B400F4902B /* User+CoreDataClass.swift in Sources */,
				5683B40622AD66AF00F4902B /* User+CoreDataProperties.swift in Sources */,
				5683B3FD22AD669500F4902B /* Database.swift in Sources */,
			);
			runOnlyForDeploymentPostprocessing = 0;
		};
/* End PBXSourcesBuildPhase section */

/* Begin PBXVariantGroup section */
		3C7727F122AB1E46006CA979 /* LaunchScreen.storyboard */ = {
			isa = PBXVariantGroup;
			children = (
				3C7727F222AB1E46006CA979 /* Base */,
			);
			name = LaunchScreen.storyboard;
			sourceTree = "<group>";
		};
/* End PBXVariantGroup section */

/* Begin XCBuildConfiguration section */
		3C7727F522AB1E46006CA979 /* Debug */ = {
			isa = XCBuildConfiguration;
			buildSettings = {
				ALWAYS_SEARCH_USER_PATHS = NO;
				CLANG_ANALYZER_NONNULL = YES;
				CLANG_CXX_LANGUAGE_STANDARD = "gnu++0x";
				CLANG_CXX_LIBRARY = "libc++";
				CLANG_ENABLE_MODULES = YES;
				CLANG_ENABLE_OBJC_ARC = YES;
				CLANG_WARN_BOOL_CONVERSION = YES;
				CLANG_WARN_CONSTANT_CONVERSION = YES;
				CLANG_WARN_DIRECT_OBJC_ISA_USAGE = YES_ERROR;
				CLANG_WARN_DOCUMENTATION_COMMENTS = YES;
				CLANG_WARN_EMPTY_BODY = YES;
				CLANG_WARN_ENUM_CONVERSION = YES;
				CLANG_WARN_INFINITE_RECURSION = YES;
				CLANG_WARN_INT_CONVERSION = YES;
				CLANG_WARN_OBJC_ROOT_CLASS = YES_ERROR;
				CLANG_WARN_SUSPICIOUS_MOVES = YES;
				CLANG_WARN_UNREACHABLE_CODE = YES;
				CLANG_WARN__DUPLICATE_METHOD_MATCH = YES;
				"CODE_SIGN_IDENTITY[sdk=iphoneos*]" = "iPhone Developer";
				COPY_PHASE_STRIP = NO;
				DEBUG_INFORMATION_FORMAT = dwarf;
				ENABLE_STRICT_OBJC_MSGSEND = YES;
				ENABLE_TESTABILITY = YES;
				GCC_C_LANGUAGE_STANDARD = gnu99;
				GCC_DYNAMIC_NO_PIC = NO;
				GCC_NO_COMMON_BLOCKS = YES;
				GCC_OPTIMIZATION_LEVEL = 0;
				GCC_PREPROCESSOR_DEFINITIONS = (
					"DEBUG=1",
					"$(inherited)",
				);
				GCC_WARN_64_TO_32_BIT_CONVERSION = YES;
				GCC_WARN_ABOUT_RETURN_TYPE = YES_ERROR;
				GCC_WARN_UNDECLARED_SELECTOR = YES;
				GCC_WARN_UNINITIALIZED_AUTOS = YES_AGGRESSIVE;
				GCC_WARN_UNUSED_FUNCTION = YES;
				GCC_WARN_UNUSED_VARIABLE = YES;
				IPHONEOS_DEPLOYMENT_TARGET = 10.0;
				MTL_ENABLE_DEBUG_INFO = YES;
				ONLY_ACTIVE_ARCH = YES;
				SDKROOT = iphoneos;
				SWIFT_ACTIVE_COMPILATION_CONDITIONS = DEBUG;
				SWIFT_OPTIMIZATION_LEVEL = "-Onone";
				TARGETED_DEVICE_FAMILY = "1,2";
			};
			name = Debug;
		};
		3C7727F622AB1E46006CA979 /* Release */ = {
			isa = XCBuildConfiguration;
			buildSettings = {
				ALWAYS_SEARCH_USER_PATHS = NO;
				CLANG_ANALYZER_NONNULL = YES;
				CLANG_CXX_LANGUAGE_STANDARD = "gnu++0x";
				CLANG_CXX_LIBRARY = "libc++";
				CLANG_ENABLE_MODULES = YES;
				CLANG_ENABLE_OBJC_ARC = YES;
				CLANG_WARN_BOOL_CONVERSION = YES;
				CLANG_WARN_CONSTANT_CONVERSION = YES;
				CLANG_WARN_DIRECT_OBJC_ISA_USAGE = YES_ERROR;
				CLANG_WARN_DOCUMENTATION_COMMENTS = YES;
				CLANG_WARN_EMPTY_BODY = YES;
				CLANG_WARN_ENUM_CONVERSION = YES;
				CLANG_WARN_INFINITE_RECURSION = YES;
				CLANG_WARN_INT_CONVERSION = YES;
				CLANG_WARN_OBJC_ROOT_CLASS = YES_ERROR;
				CLANG_WARN_SUSPICIOUS_MOVES = YES;
				CLANG_WARN_UNREACHABLE_CODE = YES;
				CLANG_WARN__DUPLICATE_METHOD_MATCH = YES;
				"CODE_SIGN_IDENTITY[sdk=iphoneos*]" = "iPhone Developer";
				COPY_PHASE_STRIP = NO;
				DEBUG_INFORMATION_FORMAT = "dwarf-with-dsym";
				ENABLE_NS_ASSERTIONS = NO;
				ENABLE_STRICT_OBJC_MSGSEND = YES;
				GCC_C_LANGUAGE_STANDARD = gnu99;
				GCC_NO_COMMON_BLOCKS = YES;
				GCC_WARN_64_TO_32_BIT_CONVERSION = YES;
				GCC_WARN_ABOUT_RETURN_TYPE = YES_ERROR;
				GCC_WARN_UNDECLARED_SELECTOR = YES;
				GCC_WARN_UNINITIALIZED_AUTOS = YES_AGGRESSIVE;
				GCC_WARN_UNUSED_FUNCTION = YES;
				GCC_WARN_UNUSED_VARIABLE = YES;
				IPHONEOS_DEPLOYMENT_TARGET = 10.0;
				MTL_ENABLE_DEBUG_INFO = NO;
				SDKROOT = iphoneos;
				SWIFT_OPTIMIZATION_LEVEL = "-Owholemodule";
				TARGETED_DEVICE_FAMILY = "1,2";
				VALIDATE_PRODUCT = YES;
			};
			name = Release;
		};
		3C7727F822AB1E46006CA979 /* Debug */ = {
			isa = XCBuildConfiguration;
			buildSettings = {
				ASSETCATALOG_COMPILER_APPICON_NAME = AppIcon;
				INFOPLIST_FILE = UnKnownHand/Info.plist;
				LD_RUNPATH_SEARCH_PATHS = "$(inherited) @executable_path/Frameworks";
				PRODUCT_BUNDLE_IDENTIFIER = ohfreeya.UnKnownHand;
				PRODUCT_NAME = "$(TARGET_NAME)";
				SWIFT_VERSION = 3.0;
			};
			name = Debug;
		};
		3C7727F922AB1E46006CA979 /* Release */ = {
			isa = XCBuildConfiguration;
			buildSettings = {
				ASSETCATALOG_COMPILER_APPICON_NAME = AppIcon;
				INFOPLIST_FILE = UnKnownHand/Info.plist;
				LD_RUNPATH_SEARCH_PATHS = "$(inherited) @executable_path/Frameworks";
				PRODUCT_BUNDLE_IDENTIFIER = ohfreeya.UnKnownHand;
				PRODUCT_NAME = "$(TARGET_NAME)";
				SWIFT_VERSION = 3.0;
			};
			name = Release;
		};
/* End XCBuildConfiguration section */

/* Begin XCConfigurationList section */
		3C7727DD22AB1E46006CA979 /* Build configuration list for PBXProject "UnKnownHand" */ = {
			isa = XCConfigurationList;
			buildConfigurations = (
				3C7727F522AB1E46006CA979 /* Debug */,
				3C7727F622AB1E46006CA979 /* Release */,
			);
			defaultConfigurationIsVisible = 0;
			defaultConfigurationName = Release;
		};
		3C7727F722AB1E46006CA979 /* Build configuration list for PBXNativeTarget "UnKnownHand" */ = {
			isa = XCConfigurationList;
			buildConfigurations = (
				3C7727F822AB1E46006CA979 /* Debug */,
				3C7727F922AB1E46006CA979 /* Release */,
			);
			defaultConfigurationIsVisible = 0;
			defaultConfigurationName = Release;
		};
/* End XCConfigurationList section */

/* Begin XCVersionGroup section */
		5683B3FE22AD669900F4902B /* UnKnownHand.xcdatamodeld */ = {
			isa = XCVersionGroup;
			children = (
				5683B3FF22AD669900F4902B /* UnKnownHand.xcdatamodel */,
			);
			currentVersion = 5683B3FF22AD669900F4902B /* UnKnownHand.xcdatamodel */;
			name = UnKnownHand.xcdatamodeld;
			path = ../../PU_1072_iOS_Class_Merge/UnKnownHand/UnKnownHand.xcdatamodeld;
			sourceTree = "<group>";
			versionGroupType = wrapper.xcdatamodel;
		};
/* End XCVersionGroup section */
	};
	rootObject = 3C7727DA22AB1E46006CA979 /* Project object */;
}
