// !$*UTF8*$!
{
	archiveVersion = 1;
	classes = {
	};
	objectVersion = 50;
	objects = {

/* Begin PBXBuildFile section */
		7744005A22AD9F2A0019EB5B /* UnknownHand.xcdatamodeld in Sources */ = {isa = PBXBuildFile; fileRef = 77C40D0C22AD99D7002A1202 /* UnknownHand.xcdatamodeld */; };
		7744005F22AD9F390019EB5B /* User+CoreDataClass.swift in Sources */ = {isa = PBXBuildFile; fileRef = 7744005B22AD9F390019EB5B /* User+CoreDataClass.swift */; };
		7744006022AD9F390019EB5B /* User+CoreDataProperties.swift in Sources */ = {isa = PBXBuildFile; fileRef = 7744005C22AD9F390019EB5B /* User+CoreDataProperties.swift */; };
		7744006122AD9F390019EB5B /* History+CoreDataClass.swift in Sources */ = {isa = PBXBuildFile; fileRef = 7744005D22AD9F390019EB5B /* History+CoreDataClass.swift */; };
		7744006222AD9F390019EB5B /* History+CoreDataProperties.swift in Sources */ = {isa = PBXBuildFile; fileRef = 7744005E22AD9F390019EB5B /* History+CoreDataProperties.swift */; };
		779B672622AA7C6E003ED110 /* Assets.xcassets in Resources */ = {isa = PBXBuildFile; fileRef = 779B672522AA7C6E003ED110 /* Assets.xcassets */; };
		779B672922AA7C6E003ED110 /* LaunchScreen.storyboard in Resources */ = {isa = PBXBuildFile; fileRef = 779B672722AA7C6E003ED110 /* LaunchScreen.storyboard */; };
		77B07F0322ADF0B4008CADBD /* paper.jpg in Resources */ = {isa = PBXBuildFile; fileRef = 77B07F0022ADF0B4008CADBD /* paper.jpg */; };
		77B07F0422ADF0B4008CADBD /* stone.jpg in Resources */ = {isa = PBXBuildFile; fileRef = 77B07F0122ADF0B4008CADBD /* stone.jpg */; };
		77B07F0522ADF0B4008CADBD /* scissors.jpg in Resources */ = {isa = PBXBuildFile; fileRef = 77B07F0222ADF0B4008CADBD /* scissors.jpg */; };
		77C40D0322AD9903002A1202 /* AppDelegate.swift in Sources */ = {isa = PBXBuildFile; fileRef = 779B671B22AA7C6D003ED110 /* AppDelegate.swift */; };
		77C40D1022AD9ACF002A1202 /* Database.swift in Sources */ = {isa = PBXBuildFile; fileRef = 77C40D0F22AD9ACF002A1202 /* Database.swift */; };
		77C40D1622AD9C01002A1202 /* Login.storyboard in Resources */ = {isa = PBXBuildFile; fileRef = 77C40D1522AD9C01002A1202 /* Login.storyboard */; };
		77C40D1822AD9C0C002A1202 /* LoginViewController.swift in Sources */ = {isa = PBXBuildFile; fileRef = 77C40D1722AD9C0C002A1202 /* LoginViewController.swift */; };
		77C40D1A22AD9C15002A1202 /* Register.storyboard in Resources */ = {isa = PBXBuildFile; fileRef = 77C40D1922AD9C15002A1202 /* Register.storyboard */; };
		77C40D1C22AD9C1F002A1202 /* RegisterViewController.swift in Sources */ = {isa = PBXBuildFile; fileRef = 77C40D1B22AD9C1F002A1202 /* RegisterViewController.swift */; };
		77C40D2022AD9C3E002A1202 /* Play.storyboard in Resources */ = {isa = PBXBuildFile; fileRef = 77C40D1F22AD9C3E002A1202 /* Play.storyboard */; };
		77C40D2222AD9C47002A1202 /* PlayViewController.swift in Sources */ = {isa = PBXBuildFile; fileRef = 77C40D2122AD9C47002A1202 /* PlayViewController.swift */; };
		77C40D2422AD9C50002A1202 /* History.storyboard in Resources */ = {isa = PBXBuildFile; fileRef = 77C40D2322AD9C50002A1202 /* History.storyboard */; };
		77C40D2622AD9C58002A1202 /* HistoryViewController.swift in Sources */ = {isa = PBXBuildFile; fileRef = 77C40D2522AD9C58002A1202 /* HistoryViewController.swift */; };
/* End PBXBuildFile section */

/* Begin PBXFileReference section */
		7744005B22AD9F390019EB5B /* User+CoreDataClass.swift */ = {isa = PBXFileReference; lastKnownFileType = sourcecode.swift; path = "User+CoreDataClass.swift"; sourceTree = "<group>"; };
		7744005C22AD9F390019EB5B /* User+CoreDataProperties.swift */ = {isa = PBXFileReference; lastKnownFileType = sourcecode.swift; path = "User+CoreDataProperties.swift"; sourceTree = "<group>"; };
		7744005D22AD9F390019EB5B /* History+CoreDataClass.swift */ = {isa = PBXFileReference; lastKnownFileType = sourcecode.swift; path = "History+CoreDataClass.swift"; sourceTree = "<group>"; };
		7744005E22AD9F390019EB5B /* History+CoreDataProperties.swift */ = {isa = PBXFileReference; lastKnownFileType = sourcecode.swift; path = "History+CoreDataProperties.swift"; sourceTree = "<group>"; };
		779B671822AA7C6D003ED110 /* UnknownHand.app */ = {isa = PBXFileReference; explicitFileType = wrapper.application; includeInIndex = 0; path = UnknownHand.app; sourceTree = BUILT_PRODUCTS_DIR; };
		779B671B22AA7C6D003ED110 /* AppDelegate.swift */ = {isa = PBXFileReference; lastKnownFileType = sourcecode.swift; path = AppDelegate.swift; sourceTree = "<group>"; };
		779B672522AA7C6E003ED110 /* Assets.xcassets */ = {isa = PBXFileReference; lastKnownFileType = folder.assetcatalog; path = Assets.xcassets; sourceTree = "<group>"; };
		779B672822AA7C6E003ED110 /* Base */ = {isa = PBXFileReference; lastKnownFileType = file.storyboard; name = Base; path = Base.lproj/LaunchScreen.storyboard; sourceTree = "<group>"; };
		779B672A22AA7C6E003ED110 /* Info.plist */ = {isa = PBXFileReference; lastKnownFileType = text.plist.xml; path = Info.plist; sourceTree = "<group>"; };
		77B07F0022ADF0B4008CADBD /* paper.jpg */ = {isa = PBXFileReference; lastKnownFileType = image.jpeg; path = paper.jpg; sourceTree = "<group>"; };
		77B07F0122ADF0B4008CADBD /* stone.jpg */ = {isa = PBXFileReference; lastKnownFileType = image.jpeg; path = stone.jpg; sourceTree = "<group>"; };
		77B07F0222ADF0B4008CADBD /* scissors.jpg */ = {isa = PBXFileReference; lastKnownFileType = image.jpeg; path = scissors.jpg; sourceTree = "<group>"; };
		77C40D0D22AD99D7002A1202 /* UnknownHand.xcdatamodel */ = {isa = PBXFileReference; lastKnownFileType = wrapper.xcdatamodel; path = UnknownHand.xcdatamodel; sourceTree = "<group>"; };
		77C40D0F22AD9ACF002A1202 /* Database.swift */ = {isa = PBXFileReference; lastKnownFileType = sourcecode.swift; path = Database.swift; sourceTree = "<group>"; };
		77C40D1522AD9C01002A1202 /* Login.storyboard */ = {isa = PBXFileReference; lastKnownFileType = file.storyboard; path = Login.storyboard; sourceTree = "<group>"; };
		77C40D1722AD9C0C002A1202 /* LoginViewController.swift */ = {isa = PBXFileReference; lastKnownFileType = sourcecode.swift; path = LoginViewController.swift; sourceTree = "<group>"; };
		77C40D1922AD9C15002A1202 /* Register.storyboard */ = {isa = PBXFileReference; lastKnownFileType = file.storyboard; path = Register.storyboard; sourceTree = "<group>"; };
		77C40D1B22AD9C1F002A1202 /* RegisterViewController.swift */ = {isa = PBXFileReference; lastKnownFileType = sourcecode.swift; path = RegisterViewController.swift; sourceTree = "<group>"; };
		77C40D1F22AD9C3E002A1202 /* Play.storyboard */ = {isa = PBXFileReference; lastKnownFileType = file.storyboard; path = Play.storyboard; sourceTree = "<group>"; };
		77C40D2122AD9C47002A1202 /* PlayViewController.swift */ = {isa = PBXFileReference; lastKnownFileType = sourcecode.swift; path = PlayViewController.swift; sourceTree = "<group>"; };
		77C40D2322AD9C50002A1202 /* History.storyboard */ = {isa = PBXFileReference; lastKnownFileType = file.storyboard; path = History.storyboard; sourceTree = "<group>"; };
		77C40D2522AD9C58002A1202 /* HistoryViewController.swift */ = {isa = PBXFileReference; lastKnownFileType = sourcecode.swift; path = HistoryViewController.swift; sourceTree = "<group>"; };
/* End PBXFileReference section */

/* Begin PBXFrameworksBuildPhase section */
		779B671522AA7C6D003ED110 /* Frameworks */ = {
			isa = PBXFrameworksBuildPhase;
			buildActionMask = 2147483647;
			files = (
			);
			runOnlyForDeploymentPostprocessing = 0;
		};
/* End PBXFrameworksBuildPhase section */

/* Begin PBXGroup section */
		779B670F22AA7C6D003ED110 = {
			isa = PBXGroup;
			children = (
				7744005B22AD9F390019EB5B /* User+CoreDataClass.swift */,
				7744005C22AD9F390019EB5B /* User+CoreDataProperties.swift */,
				7744005D22AD9F390019EB5B /* History+CoreDataClass.swift */,
				7744005E22AD9F390019EB5B /* History+CoreDataProperties.swift */,
				779B671A22AA7C6D003ED110 /* UnknownHand */,
				779B671922AA7C6D003ED110 /* Products */,
			);
			sourceTree = "<group>";
		};
		779B671922AA7C6D003ED110 /* Products */ = {
			isa = PBXGroup;
			children = (
				779B671822AA7C6D003ED110 /* UnknownHand.app */,
			);
			name = Products;
			sourceTree = "<group>";
		};
		779B671A22AA7C6D003ED110 /* UnknownHand */ = {
			isa = PBXGroup;
			children = (
				77B07F0622ADF0B8008CADBD /* Images */,
				77B07EFF22ADB565008CADBD /* View */,
				779B671B22AA7C6D003ED110 /* AppDelegate.swift */,
				77C40D0F22AD9ACF002A1202 /* Database.swift */,
				779B672522AA7C6E003ED110 /* Assets.xcassets */,
				779B672722AA7C6E003ED110 /* LaunchScreen.storyboard */,
				779B672A22AA7C6E003ED110 /* Info.plist */,
				77C40D0C22AD99D7002A1202 /* UnknownHand.xcdatamodeld */,
			);
			path = UnknownHand;
			sourceTree = "<group>";
		};
		77B07EFF22ADB565008CADBD /* View */ = {
			isa = PBXGroup;
			children = (
				77C40D1522AD9C01002A1202 /* Login.storyboard */,
				77C40D1722AD9C0C002A1202 /* LoginViewController.swift */,
				77C40D1922AD9C15002A1202 /* Register.storyboard */,
				77C40D1B22AD9C1F002A1202 /* RegisterViewController.swift */,
				77C40D1F22AD9C3E002A1202 /* Play.storyboard */,
				77C40D2122AD9C47002A1202 /* PlayViewController.swift */,
				77C40D2322AD9C50002A1202 /* History.storyboard */,
				77C40D2522AD9C58002A1202 /* HistoryViewController.swift */,
			);
			path = View;
			sourceTree = "<group>";
		};
		77B07F0622ADF0B8008CADBD /* Images */ = {
			isa = PBXGroup;
			children = (
				77B07F0022ADF0B4008CADBD /* paper.jpg */,
				77B07F0222ADF0B4008CADBD /* scissors.jpg */,
				77B07F0122ADF0B4008CADBD /* stone.jpg */,
			);
			path = Images;
			sourceTree = "<group>";
		};
/* End PBXGroup section */

/* Begin PBXNativeTarget section */
		779B671722AA7C6D003ED110 /* UnknownHand */ = {
			isa = PBXNativeTarget;
			buildConfigurationList = 779B672D22AA7C6E003ED110 /* Build configuration list for PBXNativeTarget "UnknownHand" */;
			buildPhases = (
				779B671422AA7C6D003ED110 /* Sources */,
				779B671522AA7C6D003ED110 /* Frameworks */,
				779B671622AA7C6D003ED110 /* Resources */,
			);
			buildRules = (
			);
			dependencies = (
			);
			name = UnknownHand;
			productName = UnknownHand;
			productReference = 779B671822AA7C6D003ED110 /* UnknownHand.app */;
			productType = "com.apple.product-type.application";
		};
/* End PBXNativeTarget section */

/* Begin PBXProject section */
		779B671022AA7C6D003ED110 /* Project object */ = {
			isa = PBXProject;
			attributes = {
				LastSwiftUpdateCheck = 1020;
				LastUpgradeCheck = 1020;
				ORGANIZATIONNAME = moontai0724;
				TargetAttributes = {
					779B671722AA7C6D003ED110 = {
						CreatedOnToolsVersion = 10.2.1;
					};
				};
			};
			buildConfigurationList = 779B671322AA7C6D003ED110 /* Build configuration list for PBXProject "UnknownHand" */;
			compatibilityVersion = "Xcode 9.3";
			developmentRegion = en;
			hasScannedForEncodings = 0;
			knownRegions = (
				en,
				Base,
			);
			mainGroup = 779B670F22AA7C6D003ED110;
			productRefGroup = 779B671922AA7C6D003ED110 /* Products */;
			projectDirPath = "";
			projectRoot = "";
			targets = (
				779B671722AA7C6D003ED110 /* UnknownHand */,
			);
		};
/* End PBXProject section */

/* Begin PBXResourcesBuildPhase section */
		779B671622AA7C6D003ED110 /* Resources */ = {
			isa = PBXResourcesBuildPhase;
			buildActionMask = 2147483647;
			files = (
				77C40D1622AD9C01002A1202 /* Login.storyboard in Resources */,
				77B07F0422ADF0B4008CADBD /* stone.jpg in Resources */,
				779B672922AA7C6E003ED110 /* LaunchScreen.storyboard in Resources */,
				77B07F0322ADF0B4008CADBD /* paper.jpg in Resources */,
				77C40D2422AD9C50002A1202 /* History.storyboard in Resources */,
				779B672622AA7C6E003ED110 /* Assets.xcassets in Resources */,
				77C40D2022AD9C3E002A1202 /* Play.storyboard in Resources */,
				77B07F0522ADF0B4008CADBD /* scissors.jpg in Resources */,
				77C40D1A22AD9C15002A1202 /* Register.storyboard in Resources */,
			);
			runOnlyForDeploymentPostprocessing = 0;
		};
/* End PBXResourcesBuildPhase section */

/* Begin PBXSourcesBuildPhase section */
		779B671422AA7C6D003ED110 /* Sources */ = {
			isa = PBXSourcesBuildPhase;
			buildActionMask = 2147483647;
			files = (
				7744005A22AD9F2A0019EB5B /* UnknownHand.xcdatamodeld in Sources */,
				7744006222AD9F390019EB5B /* History+CoreDataProperties.swift in Sources */,
				77C40D1822AD9C0C002A1202 /* LoginViewController.swift in Sources */,
				7744006122AD9F390019EB5B /* History+CoreDataClass.swift in Sources */,
				77C40D1C22AD9C1F002A1202 /* RegisterViewController.swift in Sources */,
				77C40D2622AD9C58002A1202 /* HistoryViewController.swift in Sources */,
				77C40D0322AD9903002A1202 /* AppDelegate.swift in Sources */,
				77C40D2222AD9C47002A1202 /* PlayViewController.swift in Sources */,
				7744005F22AD9F390019EB5B /* User+CoreDataClass.swift in Sources */,
				77C40D1022AD9ACF002A1202 /* Database.swift in Sources */,
				7744006022AD9F390019EB5B /* User+CoreDataProperties.swift in Sources */,
			);
			runOnlyForDeploymentPostprocessing = 0;
		};
/* End PBXSourcesBuildPhase section */

/* Begin PBXVariantGroup section */
		779B672722AA7C6E003ED110 /* LaunchScreen.storyboard */ = {
			isa = PBXVariantGroup;
			children = (
				779B672822AA7C6E003ED110 /* Base */,
			);
			name = LaunchScreen.storyboard;
			sourceTree = "<group>";
		};
/* End PBXVariantGroup section */

/* Begin XCBuildConfiguration section */
		779B672B22AA7C6E003ED110 /* Debug */ = {
			isa = XCBuildConfiguration;
			buildSettings = {
				ALWAYS_SEARCH_USER_PATHS = NO;
				CLANG_ANALYZER_NONNULL = YES;
				CLANG_ANALYZER_NUMBER_OBJECT_CONVERSION = YES_AGGRESSIVE;
				CLANG_CXX_LANGUAGE_STANDARD = "gnu++14";
				CLANG_CXX_LIBRARY = "libc++";
				CLANG_ENABLE_MODULES = YES;
				CLANG_ENABLE_OBJC_ARC = YES;
				CLANG_ENABLE_OBJC_WEAK = YES;
				CLANG_WARN_BLOCK_CAPTURE_AUTORELEASING = YES;
				CLANG_WARN_BOOL_CONVERSION = YES;
				CLANG_WARN_COMMA = YES;
				CLANG_WARN_CONSTANT_CONVERSION = YES;
				CLANG_WARN_DEPRECATED_OBJC_IMPLEMENTATIONS = YES;
				CLANG_WARN_DIRECT_OBJC_ISA_USAGE = YES_ERROR;
				CLANG_WARN_DOCUMENTATION_COMMENTS = YES;
				CLANG_WARN_EMPTY_BODY = YES;
				CLANG_WARN_ENUM_CONVERSION = YES;
				CLANG_WARN_INFINITE_RECURSION = YES;
				CLANG_WARN_INT_CONVERSION = YES;
				CLANG_WARN_NON_LITERAL_NULL_CONVERSION = YES;
				CLANG_WARN_OBJC_IMPLICIT_RETAIN_SELF = YES;
				CLANG_WARN_OBJC_LITERAL_CONVERSION = YES;
				CLANG_WARN_OBJC_ROOT_CLASS = YES_ERROR;
				CLANG_WARN_RANGE_LOOP_ANALYSIS = YES;
				CLANG_WARN_STRICT_PROTOTYPES = YES;
				CLANG_WARN_SUSPICIOUS_MOVE = YES;
				CLANG_WARN_UNGUARDED_AVAILABILITY = YES_AGGRESSIVE;
				CLANG_WARN_UNREACHABLE_CODE = YES;
				CLANG_WARN__DUPLICATE_METHOD_MATCH = YES;
				CODE_SIGN_IDENTITY = "iPhone Developer";
				COPY_PHASE_STRIP = NO;
				DEBUG_INFORMATION_FORMAT = dwarf;
				ENABLE_STRICT_OBJC_MSGSEND = YES;
				ENABLE_TESTABILITY = YES;
				GCC_C_LANGUAGE_STANDARD = gnu11;
				GCC_DYNAMIC_NO_PIC = NO;
				GCC_NO_COMMON_BLOCKS = YES;
				GCC_OPTIMIZATION_LEVEL = 0;
				GCC_PREPROCESSOR_DEFINITIONS = (
					"DEBUG=1",
					"$(inherited)",
				);
				GCC_WARN_64_TO_32_BIT_CONVERSION = YES;
				GCC_WARN_ABOUT_RETURN_TYPE = YES_ERROR;
				GCC_WARN_UNDECLARED_SELECTOR = YES;
				GCC_WARN_UNINITIALIZED_AUTOS = YES_AGGRESSIVE;
				GCC_WARN_UNUSED_FUNCTION = YES;
				GCC_WARN_UNUSED_VARIABLE = YES;
				IPHONEOS_DEPLOYMENT_TARGET = 12.2;
				MTL_ENABLE_DEBUG_INFO = INCLUDE_SOURCE;
				MTL_FAST_MATH = YES;
				ONLY_ACTIVE_ARCH = YES;
				SDKROOT = iphoneos;
				SWIFT_ACTIVE_COMPILATION_CONDITIONS = DEBUG;
				SWIFT_OPTIMIZATION_LEVEL = "-Onone";
				SWIFT_VERSION = 4.0;
			};
			name = Debug;
		};
		779B672C22AA7C6E003ED110 /* Release */ = {
			isa = XCBuildConfiguration;
			buildSettings = {
				ALWAYS_SEARCH_USER_PATHS = NO;
				CLANG_ANALYZER_NONNULL = YES;
				CLANG_ANALYZER_NUMBER_OBJECT_CONVERSION = YES_AGGRESSIVE;
				CLANG_CXX_LANGUAGE_STANDARD = "gnu++14";
				CLANG_CXX_LIBRARY = "libc++";
				CLANG_ENABLE_MODULES = YES;
				CLANG_ENABLE_OBJC_ARC = YES;
				CLANG_ENABLE_OBJC_WEAK = YES;
				CLANG_WARN_BLOCK_CAPTURE_AUTORELEASING = YES;
				CLANG_WARN_BOOL_CONVERSION = YES;
				CLANG_WARN_COMMA = YES;
				CLANG_WARN_CONSTANT_CONVERSION = YES;
				CLANG_WARN_DEPRECATED_OBJC_IMPLEMENTATIONS = YES;
				CLANG_WARN_DIRECT_OBJC_ISA_USAGE = YES_ERROR;
				CLANG_WARN_DOCUMENTATION_COMMENTS = YES;
				CLANG_WARN_EMPTY_BODY = YES;
				CLANG_WARN_ENUM_CONVERSION = YES;
				CLANG_WARN_INFINITE_RECURSION = YES;
				CLANG_WARN_INT_CONVERSION = YES;
				CLANG_WARN_NON_LITERAL_NULL_CONVERSION = YES;
				CLANG_WARN_OBJC_IMPLICIT_RETAIN_SELF = YES;
				CLANG_WARN_OBJC_LITERAL_CONVERSION = YES;
				CLANG_WARN_OBJC_ROOT_CLASS = YES_ERROR;
				CLANG_WARN_RANGE_LOOP_ANALYSIS = YES;
				CLANG_WARN_STRICT_PROTOTYPES = YES;
				CLANG_WARN_SUSPICIOUS_MOVE = YES;
				CLANG_WARN_UNGUARDED_AVAILABILITY = YES_AGGRESSIVE;
				CLANG_WARN_UNREACHABLE_CODE = YES;
				CLANG_WARN__DUPLICATE_METHOD_MATCH = YES;
				CODE_SIGN_IDENTITY = "iPhone Developer";
				COPY_PHASE_STRIP = NO;
				DEBUG_INFORMATION_FORMAT = "dwarf-with-dsym";
				ENABLE_NS_ASSERTIONS = NO;
				ENABLE_STRICT_OBJC_MSGSEND = YES;
				GCC_C_LANGUAGE_STANDARD = gnu11;
				GCC_NO_COMMON_BLOCKS = YES;
				GCC_WARN_64_TO_32_BIT_CONVERSION = YES;
				GCC_WARN_ABOUT_RETURN_TYPE = YES_ERROR;
				GCC_WARN_UNDECLARED_SELECTOR = YES;
				GCC_WARN_UNINITIALIZED_AUTOS = YES_AGGRESSIVE;
				GCC_WARN_UNUSED_FUNCTION = YES;
				GCC_WARN_UNUSED_VARIABLE = YES;
				IPHONEOS_DEPLOYMENT_TARGET = 12.2;
				MTL_ENABLE_DEBUG_INFO = NO;
				MTL_FAST_MATH = YES;
				SDKROOT = iphoneos;
				SWIFT_COMPILATION_MODE = wholemodule;
				SWIFT_OPTIMIZATION_LEVEL = "-O";
				SWIFT_VERSION = 4.0;
				VALIDATE_PRODUCT = YES;
			};
			name = Release;
		};
		779B672E22AA7C6E003ED110 /* Debug */ = {
			isa = XCBuildConfiguration;
			buildSettings = {
				ASSETCATALOG_COMPILER_APPICON_NAME = AppIcon;
				CODE_SIGN_STYLE = Automatic;
				INFOPLIST_FILE = UnknownHand/Info.plist;
				LD_RUNPATH_SEARCH_PATHS = (
					"$(inherited)",
					"@executable_path/Frameworks",
				);
				PRODUCT_BUNDLE_IDENTIFIER = io.github.moontai0724.UnknownHand;
				PRODUCT_NAME = "$(TARGET_NAME)";
				SWIFT_VERSION = 4.0;
				TARGETED_DEVICE_FAMILY = "1,2";
			};
			name = Debug;
		};
		779B672F22AA7C6E003ED110 /* Release */ = {
			isa = XCBuildConfiguration;
			buildSettings = {
				ASSETCATALOG_COMPILER_APPICON_NAME = AppIcon;
				CODE_SIGN_STYLE = Automatic;
				INFOPLIST_FILE = UnknownHand/Info.plist;
				LD_RUNPATH_SEARCH_PATHS = (
					"$(inherited)",
					"@executable_path/Frameworks",
				);
				PRODUCT_BUNDLE_IDENTIFIER = io.github.moontai0724.UnknownHand;
				PRODUCT_NAME = "$(TARGET_NAME)";
				SWIFT_VERSION = 4.0;
				TARGETED_DEVICE_FAMILY = "1,2";
			};
			name = Release;
		};
/* End XCBuildConfiguration section */

/* Begin XCConfigurationList section */
		779B671322AA7C6D003ED110 /* Build configuration list for PBXProject "UnknownHand" */ = {
			isa = XCConfigurationList;
			buildConfigurations = (
				779B672B22AA7C6E003ED110 /* Debug */,
				779B672C22AA7C6E003ED110 /* Release */,
			);
			defaultConfigurationIsVisible = 0;
			defaultConfigurationName = Release;
		};
		779B672D22AA7C6E003ED110 /* Build configuration list for PBXNativeTarget "UnknownHand" */ = {
			isa = XCConfigurationList;
			buildConfigurations = (
				779B672E22AA7C6E003ED110 /* Debug */,
				779B672F22AA7C6E003ED110 /* Release */,
			);
			defaultConfigurationIsVisible = 0;
			defaultConfigurationName = Release;
		};
/* End XCConfigurationList section */

/* Begin XCVersionGroup section */
		77C40D0C22AD99D7002A1202 /* UnknownHand.xcdatamodeld */ = {
			isa = XCVersionGroup;
			children = (
				77C40D0D22AD99D7002A1202 /* UnknownHand.xcdatamodel */,
			);
			currentVersion = 77C40D0D22AD99D7002A1202 /* UnknownHand.xcdatamodel */;
			path = UnknownHand.xcdatamodeld;
			sourceTree = "<group>";
			versionGroupType = wrapper.xcdatamodel;
		};
/* End XCVersionGroup section */
	};
	rootObject = 779B671022AA7C6D003ED110 /* Project object */;
}
